
Microsoft Visual Studio Solution File, Format Version 12.00
# Visual Studio Version 17
VisualStudioVersion = 17.7.34018.315
MinimumVisualStudioVersion = 10.0.40219.1
Project("{FAE04EC0-301F-11D3-BF4B-00C04F79EFBC}") = "DZ06_FileReadParallel", "DZ06_FileReadParallel\DZ06_FileReadParallel.csproj", "{C8FCFDD8-CFCC-4BA9-B1BE-099750D788CC}"
EndProject
Global
	GlobalSection(SolutionConfigurationPlatforms) = preSolution
		Debug|Any CPU = Debug|Any CPU
		Release|Any CPU = Release|Any CPU
	EndGlobalSection
	GlobalSection(ProjectConfigurationPlatforms) = postSolution
		{C8FCFDD8-CFCC-4BA9-B1BE-099750D788CC}.Debug|Any CPU.ActiveCfg = Debug|Any CPU
		{C8FCFDD8-CFCC-4BA9-B1BE-099750D788CC}.Debug|Any CPU.Build.0 = Debug|Any CPU
		{C8FCFDD8-CFCC-4BA9-B1BE-099750D788CC}.Release|Any CPU.ActiveCfg = Release|Any CPU
		{C8FCFDD8-CFCC-4BA9-B1BE-099750D788CC}.Release|Any CPU.Build.0 = Release|Any CPU
	EndGlobalSection
	GlobalSection(SolutionProperties) = preSolution
		HideSolutionNode = FALSE
	EndGlobalSection
	GlobalSection(ExtensibilityGlobals) = postSolution
		SolutionGuid = {45A20BFB-EAE1-49E8-ACF0-A94000E75AD9}
	EndGlobalSection
EndGlobal
